{
    "name": "hiiragi-cast-player",
    "version": "1.0.0",
    "lockfileVersion": 3,
    "requires": true,
    "packages": {
        "": {
            "name": "hiiragi-cast-player",
            "version": "1.0.0",
            "dependencies": {
                "dashjs": "^4.7.4",
                "hls.js": "^1.5.0"
            },
            "devDependencies": {
                "electron": "github:castlabs/electron-releases#v44.1.0+wvcus"
            }
        },
        "node_modules/@electron-internal/extract-zip": {
            "version": "1.0.5",
            "resolved": "https://registry.npmjs.org/@electron-internal/extract-zip/-/extract-zip-1.0.5.tgz",
            "integrity": "sha512-+bqFCP98pLI0Tt0XQo1TmlXtwjWchISndDOxCkEcIuUgXWpBnLyRI+2DU+mesvnMMX6L1XDqYNA0lXNDHd/yiA==",
            "dev": true,
            "license": "BSD-2-Clause",
            "engines": {
                "node": ">=22.12.0"
            }
        },
        "node_modules/@electron/get": {
            "version": "5.1.0",
            "resolved": "https://registry.npmjs.org/@electron/get/-/get-5.1.0.tgz",
            "integrity": "sha512-3kSBtG8ObcTVfXanm5vVJ6UnBLEVmVsRk1M+vGqCuMBV+XLCbJYuWQful+yIy0GQDsSlK0kHEriEHn7SPk4EnA==",
            "dev": true,
            "license": "MIT",
            "dependencies": {
                "debug": "^4.1.1",
                "env-paths": "^3.0.0",
                "graceful-fs": "^4.2.11",
                "progress": "^2.0.3",
                "semver": "^7.6.3",
                "sumchecker": "^3.0.1"
            },
            "engines": {
                "node": ">=22.12.0"
            },
            "optionalDependencies": {
                "undici": "^7.24.4"
            }
        },
        "node_modules/@types/node": {
            "version": "24.13.6",
            "resolved": "https://registry.npmjs.org/@types/node/-/node-24.13.6.tgz",
            "integrity": "sha512-SGrw/h3KPFshy3OE6ZL53LMBG5vGQQ8/gIpiqz/kRZhPJ7HgwCEs8LBuNtWLa8dvGZVpSF7+Bf+c11HUrCb/yg==",
            "dev": true,
            "license": "MIT",
            "dependencies": {
                "undici-types": "~7.18.0"
            }
        },
        "node_modules/bcp-47": {
            "version": "1.0.8",
            "resolved": "https://registry.npmjs.org/bcp-47/-/bcp-47-1.0.8.tgz",
            "integrity": "sha512-Y9y1QNBBtYtv7hcmoX0tR+tUNSFZGZ6OL6vKPObq8BbOhkCoyayF6ogfLTgAli/KuAEbsYHYUNq2AQuY6IuLag==",
            "license": "MIT",
            "dependencies": {
                "is-alphabetical": "^1.0.0",
                "is-alphanumerical": "^1.0.0",
                "is-decimal": "^1.0.0"
            },
            "funding": {
                "type": "github",
                "url": "https://github.com/sponsors/wooorm"
            }
        },
        "node_modules/bcp-47-match": {
            "version": "1.0.3",
            "resolved": "https://registry.npmjs.org/bcp-47-match/-/bcp-47-match-1.0.3.tgz",
            "integrity": "sha512-LggQ4YTdjWQSKELZF5JwchnBa1u0pIQSZf5lSdOHEdbVP55h0qICA/FUp3+W99q0xqxYa1ZQizTUH87gecII5w==",
            "license": "MIT",
            "funding": {
                "type": "github",
                "url": "https://github.com/sponsors/wooorm"
            }
        },
        "node_modules/bcp-47-normalize": {
            "version": "1.1.1",
            "resolved": "https://registry.npmjs.org/bcp-47-normalize/-/bcp-47-normalize-1.1.1.tgz",
            "integrity": "sha512-jWZ1Jdu3cs0EZdfCkS0UE9Gg01PtxnChjEBySeB+Zo6nkqtFfnvtoQQgP1qU1Oo4qgJgxhTI6Sf9y/pZIhPs0A==",
            "license": "MIT",
            "dependencies": {
                "bcp-47": "^1.0.0",
                "bcp-47-match": "^1.0.0"
            },
            "funding": {
                "type": "github",
                "url": "https://github.com/sponsors/wooorm"
            }
        },
        "node_modules/codem-isoboxer": {
            "version": "0.3.9",
            "resolved": "https://registry.npmjs.org/codem-isoboxer/-/codem-isoboxer-0.3.9.tgz",
            "integrity": "sha512-4XOTqEzBWrGOZaMd+sTED2hLpzfBbiQCf1W6OBGkIHqk1D8uwy8WFLazVbdQwfDpQ+vf39lqTGPa9IhWW0roTA==",
            "license": "MIT"
        },
        "node_modules/dashjs": {
            "version": "4.7.4",
            "resolved": "https://registry.npmjs.org/dashjs/-/dashjs-4.7.4.tgz",
            "integrity": "sha512-+hldo25QPP3H/NOwqUrvt4uKdMse60/Gsz9AUAnoYfhga8qHWq4nWiojUosOiigbigkDTCAn9ORcvUaKCvmfCA==",
            "license": "BSD-3-Clause",
            "dependencies": {
                "bcp-47-match": "^1.0.3",
                "bcp-47-normalize": "^1.1.1",
                "codem-isoboxer": "0.3.9",
                "es6-promise": "^4.2.8",
                "fast-deep-equal": "2.0.1",
                "html-entities": "^1.2.1",
                "imsc": "^1.1.5",
                "localforage": "^1.7.1",
                "path-browserify": "^1.0.1",
                "ua-parser-js": "^1.0.37"
            }
        },
        "node_modules/debug": {
            "version": "4.4.3",
            "resolved": "https://registry.npmjs.org/debug/-/debug-4.4.3.tgz",
            "integrity": "sha512-RGwwWnwQvkVfavKVt22FGLw+xYSdzARwm0ru6DhTVA3umU5hZc28V3kO4stgYryrTlLpuvgI9GiijltAjNbcqA==",
            "dev": true,
            "license": "MIT",
            "dependencies": {
                "ms": "^2.1.3"
            },
            "engines": {
                "node": ">=6.0"
            },
            "peerDependenciesMeta": {
                "supports-color": {
                    "optional": true
                }
            }
        },
        "node_modules/electron": {
            "version": "44.1.0+wvcus",
            "resolved": "git+ssh://git@github.com/castlabs/electron-releases.git#bbb3862120430db6fa3ffa1ce22c3b66fe99e0b8",
            "dev": true,
            "license": "MIT",
            "dependencies": {
                "@electron-internal/extract-zip": "^1.0.1",
                "@electron/get": "^5.0.0",
                "@types/node": "^24.9.0"
            },
            "bin": {
                "electron": "cli.js",
                "install-electron": "install.js"
            },
            "engines": {
                "node": ">= 22.12.0"
            }
        },
        "node_modules/env-paths": {
            "version": "3.0.0",
            "resolved": "https://registry.npmjs.org/env-paths/-/env-paths-3.0.0.tgz",
            "integrity": "sha512-dtJUTepzMW3Lm/NPxRf3wP4642UWhjL2sQxc+ym2YMj1m/H2zDNQOlezafzkHwn6sMstjHTwG6iQQsctDW/b1A==",
            "dev": true,
            "license": "MIT",
            "engines": {
                "node": "^12.20.0 || ^14.13.1 || >=16.0.0"
            },
            "funding": {
                "url": "https://github.com/sponsors/sindresorhus"
            }
        },
        "node_modules/es6-promise": {
            "version": "4.2.8",
            "resolved": "https://registry.npmjs.org/es6-promise/-/es6-promise-4.2.8.tgz",
            "integrity": "sha512-HJDGx5daxeIvxdBxvG2cb9g4tEvwIk3i8+nhX0yGrYmZUzbkdg8QbDevheDB8gd0//uPj4c1EQua8Q+MViT0/w==",
            "license": "MIT"
        },
        "node_modules/fast-deep-equal": {
            "version": "2.0.1",
            "resolved": "https://registry.npmjs.org/fast-deep-equal/-/fast-deep-equal-2.0.1.tgz",
            "integrity": "sha512-bCK/2Z4zLidyB4ReuIsvALH6w31YfAQDmXMqMx6FyfHqvBxtjC0eRumeSu4Bs3XtXwpyIywtSTrVT99BxY1f9w==",
            "license": "MIT"
        },
        "node_modules/graceful-fs": {
            "version": "4.2.11",
            "resolved": "https://registry.npmjs.org/graceful-fs/-/graceful-fs-4.2.11.tgz",
            "integrity": "sha512-RbJ5/jmFcNNCcDV5o9eTnBLJ/HszWV0P73bc+Ff4nS/rJj+YaS6IGyiOL0VoBYX+l1Wrl3k63h/KrH+nhJ0XvQ==",
            "dev": true,
            "license": "ISC"
        },
        "node_modules/hls.js": {
            "version": "1.6.15",
            "resolved": "https://registry.npmjs.org/hls.js/-/hls.js-1.6.15.tgz",
            "integrity": "sha512-E3a5VwgXimGHwpRGV+WxRTKeSp2DW5DI5MWv34ulL3t5UNmyJWCQ1KmLEHbYzcfThfXG8amBL+fCYPneGHC4VA==",
            "license": "Apache-2.0"
        },
        "node_modules/html-entities": {
            "version": "1.4.0",
            "resolved": "https://registry.npmjs.org/html-entities/-/html-entities-1.4.0.tgz",
            "integrity": "sha512-8nxjcBcd8wovbeKx7h3wTji4e6+rhaVuPNpMqwWgnHh+N9ToqsCs6XztWRBPQ+UtzsoMAdKZtUENoVzU/EMtZA==",
            "license": "MIT"
        },
        "node_modules/immediate": {
            "version": "3.0.6",
            "resolved": "https://registry.npmjs.org/immediate/-/immediate-3.0.6.tgz",
            "integrity": "sha512-XXOFtyqDjNDAQxVfYxuF7g9Il/IbWmmlQg2MYKOH8ExIT1qg6xc4zyS3HaEEATgs1btfzxq15ciUiY7gjSXRGQ==",
            "license": "MIT"
        },
        "node_modules/imsc": {
            "version": "1.1.5",
            "resolved": "https://registry.npmjs.org/imsc/-/imsc-1.1.5.tgz",
            "integrity": "sha512-V8je+CGkcvGhgl2C1GlhqFFiUOIEdwXbXLiu1Fcubvvbo+g9inauqT3l0pNYXGoLPBj3jxtZz9t+wCopMkwadQ==",
            "license": "BSD-2-Clause",
            "dependencies": {
                "sax": "1.2.1"
            }
        },
        "node_modules/is-alphabetical": {
            "version": "1.0.4",
            "resolved": "https://registry.npmjs.org/is-alphabetical/-/is-alphabetical-1.0.4.tgz",
            "integrity": "sha512-DwzsA04LQ10FHTZuL0/grVDk4rFoVH1pjAToYwBrHSxcrBIGQuXrQMtD5U1b0U2XVgKZCTLLP8u2Qxqhy3l2Vg==",
            "license": "MIT",
            "funding": {
                "type": "github",
                "url": "https://github.com/sponsors/wooorm"
            }
        },
        "node_modules/is-alphanumerical": {
            "version": "1.0.4",
            "resolved": "https://registry.npmjs.org/is-alphanumerical/-/is-alphanumerical-1.0.4.tgz",
            "integrity": "sha512-UzoZUr+XfVz3t3v4KyGEniVL9BDRoQtY7tOyrRybkVNjDFWyo1yhXNGrrBTQxp3ib9BLAWs7k2YKBQsFRkZG9A==",
            "license": "MIT",
            "dependencies": {
                "is-alphabetical": "^1.0.0",
                "is-decimal": "^1.0.0"
            },
            "funding": {
                "type": "github",
                "url": "https://github.com/sponsors/wooorm"
            }
        },
        "node_modules/is-decimal": {
            "version": "1.0.4",
            "resolved": "https://registry.npmjs.org/is-decimal/-/is-decimal-1.0.4.tgz",
            "integrity": "sha512-RGdriMmQQvZ2aqaQq3awNA6dCGtKpiDFcOzrTWrDAT2MiWrKQVPmxLGHl7Y2nNu6led0kEyoX0enY0qXYsv9zw==",
            "license": "MIT",
            "funding": {
                "type": "github",
                "url": "https://github.com/sponsors/wooorm"
            }
        },
        "node_modules/lie": {
            "version": "3.1.1",
            "resolved": "https://registry.npmjs.org/lie/-/lie-3.1.1.tgz",
            "integrity": "sha512-RiNhHysUjhrDQntfYSfY4MU24coXXdEOgw9WGcKHNeEwffDYbF//u87M1EWaMGzuFoSbqW0C9C6lEEhDOAswfw==",
            "license": "MIT",
            "dependencies": {
                "immediate": "~3.0.5"
            }
        },
        "node_modules/localforage": {
            "version": "1.10.0",
            "resolved": "https://registry.npmjs.org/localforage/-/localforage-1.10.0.tgz",
            "integrity": "sha512-14/H1aX7hzBBmmh7sGPd+AOMkkIrHM3Z1PAyGgZigA1H1p5O5ANnMyWzvpAETtG68/dC4pC0ncy3+PPGzXZHPg==",
            "license": "Apache-2.0",
            "dependencies": {
                "lie": "3.1.1"
            }
        },
        "node_modules/ms": {
            "version": "2.1.3",
            "resolved": "https://registry.npmjs.org/ms/-/ms-2.1.3.tgz",
            "integrity": "sha512-6FlzubTLZG3J2a/NVCAleEhjzq5oxgHyaCU9yYXvcLsvoVaHJq/s5xXI6/XXP6tz7R9xAOtHnSO/tXtF3WRTlA==",
            "dev": true,
            "license": "MIT"
        },
        "node_modules/path-browserify": {
            "version": "1.0.1",
            "resolved": "https://registry.npmjs.org/path-browserify/-/path-browserify-1.0.1.tgz",
            "integrity": "sha512-b7uo2UCUOYZcnF/3ID0lulOJi/bafxa1xPe7ZPsammBSpjSWQkjNxlt635YGS2MiR9GjvuXCtz2emr3jbsz98g==",
            "license": "MIT"
        },
        "node_modules/progress": {
            "version": "2.0.3",
            "resolved": "https://registry.npmjs.org/progress/-/progress-2.0.3.tgz",
            "integrity": "sha512-7PiHtLll5LdnKIMw100I+8xJXR5gW2QwWYkT6iJva0bXitZKa/XMrSbdmg3r2Xnaidz9Qumd0VPaMrZlF9V9sA==",
            "dev": true,
            "license": "MIT",
            "engines": {
                "node": ">=0.4.0"
            }
        },
        "node_modules/sax": {
            "version": "1.2.1",
            "resolved": "https://registry.npmjs.org/sax/-/sax-1.2.1.tgz",
            "integrity": "sha512-8I2a3LovHTOpm7NV5yOyO8IHqgVsfK4+UuySrXU8YXkSRX7k6hCV9b3HrkKCr3nMpgj+0bmocaJJWpvp1oc7ZA==",
            "license": "ISC"
        },
        "node_modules/semver": {
            "version": "7.8.5",
            "resolved": "https://registry.npmjs.org/semver/-/semver-7.8.5.tgz",
            "integrity": "sha512-Y7/KDsb8LjooZpwaqGyulO6DQlksgCncchHGk+sZIY4SBvUocMBEFH5Ur1fI4dV+Jvl0w6cjvucaIi40puRioA==",
            "dev": true,
            "license": "ISC",
            "bin": {
                "semver": "bin/semver.js"
            },
            "engines": {
                "node": ">=10"
            }
        },
        "node_modules/sumchecker": {
            "version": "3.0.1",
            "resolved": "https://registry.npmjs.org/sumchecker/-/sumchecker-3.0.1.tgz",
            "integrity": "sha512-MvjXzkz/BOfyVDkG0oFOtBxHX2u3gKbMHIF/dXblZsgD3BWOFLmHovIpZY7BykJdAjcqRCBi1WYBNdEC9yI7vg==",
            "dev": true,
            "license": "Apache-2.0",
            "dependencies": {
                "debug": "^4.1.0"
            },
            "engines": {
                "node": ">= 8.0"
            }
        },
        "node_modules/ua-parser-js": {
            "version": "1.0.41",
            "resolved": "https://registry.npmjs.org/ua-parser-js/-/ua-parser-js-1.0.41.tgz",
            "integrity": "sha512-LbBDqdIC5s8iROCUjMbW1f5dJQTEFB1+KO9ogbvlb3nm9n4YHa5p4KTvFPWvh2Hs8gZMBuiB1/8+pdfe/tDPug==",
            "funding": [
                {
                    "type": "opencollective",
                    "url": "https://opencollective.com/ua-parser-js"
                },
                {
                    "type": "paypal",
                    "url": "https://paypal.me/faisalman"
                },
                {
                    "type": "github",
                    "url": "https://github.com/sponsors/faisalman"
                }
            ],
            "license": "MIT",
            "bin": {
                "ua-parser-js": "script/cli.js"
            },
            "engines": {
                "node": "*"
            }
        },
        "node_modules/undici": {
            "version": "7.29.1",
            "resolved": "https://registry.npmjs.org/undici/-/undici-7.29.1.tgz",
            "integrity": "sha512-RYONW2MeafgYlkVOKYKkA/Ag7BmXqgIWCa8t1m0JcxrQg9pI9lEqRhAOruOBCbAohOa/gkCF+iPi9hrgvTzu6Q==",
            "dev": true,
            "license": "MIT",
            "optional": true,
            "engines": {
                "node": ">=20.18.1"
            }
        },
        "node_modules/undici-types": {
            "version": "7.18.2",
            "resolved": "https://registry.npmjs.org/undici-types/-/undici-types-7.18.2.tgz",
            "integrity": "sha512-AsuCzffGHJybSaRrmr5eHr81mwJU3kjw6M+uprWvCXiNeN9SOGwQ3Jn8jb8m3Z6izVgknn1R0FTCEAP2QrLY/w==",
            "dev": true,
            "license": "MIT"
        }
    }
}
